
Microsoft Visual Studio Solution File, Format Version 12.00
# Visual Studio 15
VisualStudioVersion = 15.0.28307.572
MinimumVisualStudioVersion = 10.0.40219.1
Project("{2150E333-8FDC-42A3-9474-1A3956D46DE8}") = "src", "src", "{4A9CDE49-1AC9-4D67-A1E0-A5440206FA1D}"
EndProject
Project("{2150E333-8FDC-42A3-9474-1A3956D46DE8}") = "test", "test", "{41120C48-A04C-4938-A4B3-2E37E0DF7D73}"
EndProject
Project("{FAE04EC0-301F-11D3-BF4B-00C04F79EFBC}") = "ByYsmn.Web.UI", "src\ByYsmn.Web.UI\ByYsmn.Web.UI.csproj", "{F0BD7186-41CD-46EB-8063-85907AD1B26B}"
EndProject
Project("{FAE04EC0-301F-11D3-BF4B-00C04F79EFBC}") = "ByYsmn.EntityFramework", "src\ByYsmn.EntityFramework\ByYsmn.EntityFramework.csproj", "{C369D145-1898-4A5C-B1C5-0F3326168678}"
EndProject
Project("{FAE04EC0-301F-11D3-BF4B-00C04F79EFBC}") = "ByYsmn.Core", "src\ByYsmn.Core\ByYsmn.Core.csproj", "{E5496A22-6F97-45A7-986F-75D98A0E7DA2}"
EndProject
Project("{FAE04EC0-301F-11D3-BF4B-00C04F79EFBC}") = "ByYsmn.Application", "src\ByYsmn.Application\ByYsmn.Application.csproj", "{D2574C0B-11CD-4BF4-A9B9-EE55BF472FE7}"
EndProject
Global
	GlobalSection(SolutionConfigurationPlatforms) = preSolution
		Debug|Any CPU = Debug|Any CPU
		Release|Any CPU = Release|Any CPU
	EndGlobalSection
	GlobalSection(ProjectConfigurationPlatforms) = postSolution
		{F0BD7186-41CD-46EB-8063-85907AD1B26B}.Debug|Any CPU.ActiveCfg = Debug|Any CPU
		{F0BD7186-41CD-46EB-8063-85907AD1B26B}.Debug|Any CPU.Build.0 = Debug|Any CPU
		{F0BD7186-41CD-46EB-8063-85907AD1B26B}.Release|Any CPU.ActiveCfg = Release|Any CPU
		{F0BD7186-41CD-46EB-8063-85907AD1B26B}.Release|Any CPU.Build.0 = Release|Any CPU
		{C369D145-1898-4A5C-B1C5-0F3326168678}.Debug|Any CPU.ActiveCfg = Debug|Any CPU
		{C369D145-1898-4A5C-B1C5-0F3326168678}.Debug|Any CPU.Build.0 = Debug|Any CPU
		{C369D145-1898-4A5C-B1C5-0F3326168678}.Release|Any CPU.ActiveCfg = Release|Any CPU
		{C369D145-1898-4A5C-B1C5-0F3326168678}.Release|Any CPU.Build.0 = Release|Any CPU
		{E5496A22-6F97-45A7-986F-75D98A0E7DA2}.Debug|Any CPU.ActiveCfg = Debug|Any CPU
		{E5496A22-6F97-45A7-986F-75D98A0E7DA2}.Debug|Any CPU.Build.0 = Debug|Any CPU
		{E5496A22-6F97-45A7-986F-75D98A0E7DA2}.Release|Any CPU.ActiveCfg = Release|Any CPU
		{E5496A22-6F97-45A7-986F-75D98A0E7DA2}.Release|Any CPU.Build.0 = Release|Any CPU
		{D2574C0B-11CD-4BF4-A9B9-EE55BF472FE7}.Debug|Any CPU.ActiveCfg = Debug|Any CPU
		{D2574C0B-11CD-4BF4-A9B9-EE55BF472FE7}.Debug|Any CPU.Build.0 = Debug|Any CPU
		{D2574C0B-11CD-4BF4-A9B9-EE55BF472FE7}.Release|Any CPU.ActiveCfg = Release|Any CPU
		{D2574C0B-11CD-4BF4-A9B9-EE55BF472FE7}.Release|Any CPU.Build.0 = Release|Any CPU
	EndGlobalSection
	GlobalSection(SolutionProperties) = preSolution
		HideSolutionNode = FALSE
	EndGlobalSection
	GlobalSection(NestedProjects) = preSolution
		{F0BD7186-41CD-46EB-8063-85907AD1B26B} = {4A9CDE49-1AC9-4D67-A1E0-A5440206FA1D}
		{C369D145-1898-4A5C-B1C5-0F3326168678} = {4A9CDE49-1AC9-4D67-A1E0-A5440206FA1D}
		{E5496A22-6F97-45A7-986F-75D98A0E7DA2} = {4A9CDE49-1AC9-4D67-A1E0-A5440206FA1D}
		{D2574C0B-11CD-4BF4-A9B9-EE55BF472FE7} = {4A9CDE49-1AC9-4D67-A1E0-A5440206FA1D}
	EndGlobalSection
	GlobalSection(ExtensibilityGlobals) = postSolution
		SolutionGuid = {ABF2D2ED-F726-458A-8F8D-EC9F8AA14E1D}
	EndGlobalSection
EndGlobal
